
Microsoft Visual Studio Solution File, Format Version 12.00
# Visual Studio Version 17
VisualStudioVersion = 17.2.32210.308
MinimumVisualStudioVersion = 10.0.40219.1
Project("{FAE04EC0-301F-11D3-BF4B-00C04F79EFBC}") = "FinansAsistan", "FinansAsistan\FinansAsistan.csproj", "{633199D0-6040-4E96-9B3C-DD1E39585C0A}"
EndProject
Global
	GlobalSection(SolutionConfigurationPlatforms) = preSolution
		Debug|Any CPU = Debug|Any CPU
		Release|Any CPU = Release|Any CPU
	EndGlobalSection
	GlobalSection(ProjectConfigurationPlatforms) = postSolution
		{633199D0-6040-4E96-9B3C-DD1E39585C0A}.Debug|Any CPU.ActiveCfg = Debug|Any CPU
		{633199D0-6040-4E96-9B3C-DD1E39585C0A}.Debug|Any CPU.Build.0 = Debug|Any CPU
		{633199D0-6040-4E96-9B3C-DD1E39585C0A}.Release|Any CPU.ActiveCfg = Release|Any CPU
		{633199D0-6040-4E96-9B3C-DD1E39585C0A}.Release|Any CPU.Build.0 = Release|Any CPU
	EndGlobalSection
	GlobalSection(SolutionProperties) = preSolution
		HideSolutionNode = FALSE
	EndGlobalSection
	GlobalSection(ExtensibilityGlobals) = postSolution
		SolutionGuid = {971D7654-910B-42CE-A9E9-4058F7E2A4CE}
	EndGlobalSection
EndGlobal
